
Microsoft Visual Studio Solution File, Format Version 10.00
# Visual Studio 2008
Project("{FAE04EC0-301F-11D3-BF4B-00C04F79EFBC}") = "rtmpGUI", "rtmpGUI\rtmpGUI.csproj", "{7A2F8ED9-633F-4DD5-A305-AAE4096E3327}"
EndProject
Global
	GlobalSection(SolutionConfigurationPlatforms) = preSolution
		Debug|Any CPU = Debug|Any CPU
		Release|Any CPU = Release|Any CPU
	EndGlobalSection
	GlobalSection(ProjectConfigurationPlatforms) = postSolution
		{7A2F8ED9-633F-4DD5-A305-AAE4096E3327}.Debug|Any CPU.ActiveCfg = Debug|Any CPU
		{7A2F8ED9-633F-4DD5-A305-AAE4096E3327}.Debug|Any CPU.Build.0 = Debug|Any CPU
		{7A2F8ED9-633F-4DD5-A305-AAE4096E3327}.Release|Any CPU.ActiveCfg = Release|Any CPU
		{7A2F8ED9-633F-4DD5-A305-AAE4096E3327}.Release|Any CPU.Build.0 = Release|Any CPU
	EndGlobalSection
	GlobalSection(SolutionProperties) = preSolution
		HideSolutionNode = FALSE
	EndGlobalSection
EndGlobal
